
Microsoft Visual Studio Solution File, Format Version 12.00
# Visual Studio Version 17
VisualStudioVersion = 17.2.32616.157
MinimumVisualStudioVersion = 10.0.40219.1
Project("{9A19103F-16F7-4668-BE54-9A1E7A4F7556}") = "POS System", "POS System\POS System.csproj", "{ED1C19BD-7D74-4EB9-AD86-34FD9F4F7337}"
EndProject
Project("{9A19103F-16F7-4668-BE54-9A1E7A4F7556}") = "UnitTest", "UnitTest\UnitTest.csproj", "{C36EE690-4C01-4AED-A26E-8E96815AF4A5}"
EndProject
Global
	GlobalSection(SolutionConfigurationPlatforms) = preSolution
		Debug|Any CPU = Debug|Any CPU
		Release|Any CPU = Release|Any CPU
	EndGlobalSection
	GlobalSection(ProjectConfigurationPlatforms) = postSolution
		{ED1C19BD-7D74-4EB9-AD86-34FD9F4F7337}.Debug|Any CPU.ActiveCfg = Debug|Any CPU
		{ED1C19BD-7D74-4EB9-AD86-34FD9F4F7337}.Debug|Any CPU.Build.0 = Debug|Any CPU
		{ED1C19BD-7D74-4EB9-AD86-34FD9F4F7337}.Release|Any CPU.ActiveCfg = Release|Any CPU
		{ED1C19BD-7D74-4EB9-AD86-34FD9F4F7337}.Release|Any CPU.Build.0 = Release|Any CPU
		{C36EE690-4C01-4AED-A26E-8E96815AF4A5}.Debug|Any CPU.ActiveCfg = Debug|Any CPU
		{C36EE690-4C01-4AED-A26E-8E96815AF4A5}.Debug|Any CPU.Build.0 = Debug|Any CPU
		{C36EE690-4C01-4AED-A26E-8E96815AF4A5}.Release|Any CPU.ActiveCfg = Release|Any CPU
		{C36EE690-4C01-4AED-A26E-8E96815AF4A5}.Release|Any CPU.Build.0 = Release|Any CPU
	EndGlobalSection
	GlobalSection(SolutionProperties) = preSolution
		HideSolutionNode = FALSE
	EndGlobalSection
	GlobalSection(ExtensibilityGlobals) = postSolution
		SolutionGuid = {59CB9E0D-C4B9-4D89-B635-C00EE280D906}
	EndGlobalSection
EndGlobal
